
Microsoft Visual Studio Solution File, Format Version 12.00
# Visual Studio Version 16
VisualStudioVersion = 16.0.31410.357
MinimumVisualStudioVersion = 10.0.40219.1
Project("{FAE04EC0-301F-11D3-BF4B-00C04F79EFBC}") = "EjAreas", "EjAreas\EjAreas.csproj", "{D2A12C33-A301-46F8-8771-7D53A8BDBE85}"
EndProject
Global
	GlobalSection(SolutionConfigurationPlatforms) = preSolution
		Debug|Any CPU = Debug|Any CPU
		Release|Any CPU = Release|Any CPU
	EndGlobalSection
	GlobalSection(ProjectConfigurationPlatforms) = postSolution
		{D2A12C33-A301-46F8-8771-7D53A8BDBE85}.Debug|Any CPU.ActiveCfg = Debug|Any CPU
		{D2A12C33-A301-46F8-8771-7D53A8BDBE85}.Debug|Any CPU.Build.0 = Debug|Any CPU
		{D2A12C33-A301-46F8-8771-7D53A8BDBE85}.Release|Any CPU.ActiveCfg = Release|Any CPU
		{D2A12C33-A301-46F8-8771-7D53A8BDBE85}.Release|Any CPU.Build.0 = Release|Any CPU
	EndGlobalSection
	GlobalSection(SolutionProperties) = preSolution
		HideSolutionNode = FALSE
	EndGlobalSection
	GlobalSection(ExtensibilityGlobals) = postSolution
		SolutionGuid = {A820BC8C-424B-4925-9D80-FF4E591CDDBA}
	EndGlobalSection
EndGlobal
